
Microsoft Visual Studio Solution File, Format Version 12.00
# Visual Studio Version 16
VisualStudioVersion = 16.0.30204.135
MinimumVisualStudioVersion = 10.0.40219.1
Project("{FAE04EC0-301F-11D3-BF4B-00C04F79EFBC}") = "CW_BouncingBalls", "CW_BouncingBalls\CW_BouncingBalls.csproj", "{FC9E1793-AEFE-41CB-9189-84BF62907DB0}"
EndProject
Global
	GlobalSection(SolutionConfigurationPlatforms) = preSolution
		Debug|Any CPU = Debug|Any CPU
		Release|Any CPU = Release|Any CPU
	EndGlobalSection
	GlobalSection(ProjectConfigurationPlatforms) = postSolution
		{FC9E1793-AEFE-41CB-9189-84BF62907DB0}.Debug|Any CPU.ActiveCfg = Debug|Any CPU
		{FC9E1793-AEFE-41CB-9189-84BF62907DB0}.Debug|Any CPU.Build.0 = Debug|Any CPU
		{FC9E1793-AEFE-41CB-9189-84BF62907DB0}.Release|Any CPU.ActiveCfg = Release|Any CPU
		{FC9E1793-AEFE-41CB-9189-84BF62907DB0}.Release|Any CPU.Build.0 = Release|Any CPU
	EndGlobalSection
	GlobalSection(SolutionProperties) = preSolution
		HideSolutionNode = FALSE
	EndGlobalSection
	GlobalSection(ExtensibilityGlobals) = postSolution
		SolutionGuid = {280FC2CD-7187-44D3-A00B-8DCEA428A6E3}
	EndGlobalSection
EndGlobal
